# @generated by Move, please check-in and do not edit manually.

[move]
version = 3
manifest_digest = "DACF7F565F2A9F0EE9E9AFF141A484FDB4BF1E6B198329B4DA6EA51011895118"
deps_digest = "F8BBB0CCB2491CA29A3DF03D6F92277A4F3574266507ACD77214D37ECA3F3082"
dependencies = [
  { id = "Iota", name = "Iota" },
]

[[move.package]]
id = "Iota"
source = { git = "https://github.com/iotaledger/iota.git", rev = "mainnet", subdir = "crates/iota-framework/packages/iota-framework" }

dependencies = [
  { id = "MoveStdlib", name = "MoveStdlib" },
]

[[move.package]]
id = "MoveStdlib"
source = { git = "https://github.com/iotaledger/iota.git", rev = "mainnet", subdir = "crates/iota-framework/packages/move-stdlib" }

[move.toolchain-version]
compiler-version = "1.2.3"
edition = "2024.beta"
flavor = "iota"

[env]

[env.testnet]
chain-id = "2304aa97"
original-published-id = "0x1ad3a1bf9eaa89ebec4f11bcefdd11d88e14eb94e3dd509191f008e33ca1f9a2"
latest-published-id = "0x1ad3a1bf9eaa89ebec4f11bcefdd11d88e14eb94e3dd509191f008e33ca1f9a2"
published-version = "1"
